
Microsoft Visual Studio Solution File, Format Version 12.00
# Visual Studio Version 17
VisualStudioVersion = 17.12.35707.178
MinimumVisualStudioVersion = 10.0.40219.1
Project("{FAE04EC0-301F-11D3-BF4B-00C04F79EFBC}") = "BlogWebsite", "BlogWebsite.csproj", "{CE14771F-3C6B-4D00-93B0-8EA2256F9400}"
EndProject
Project("{FAE04EC0-301F-11D3-BF4B-00C04F79EFBC}") = "BlogWebsite.Tests", "..\BlogWebsite.Tests\BlogWebsite.Tests.csproj", "{EF53861B-A11B-4DCA-AEA8-C8B7A8603DA2}"
EndProject
Global
	GlobalSection(SolutionConfigurationPlatforms) = preSolution
		Debug|Any CPU = Debug|Any CPU
		Release|Any CPU = Release|Any CPU
	EndGlobalSection
	GlobalSection(ProjectConfigurationPlatforms) = postSolution
		{CE14771F-3C6B-4D00-93B0-8EA2256F9400}.Debug|Any CPU.ActiveCfg = Debug|Any CPU
		{CE14771F-3C6B-4D00-93B0-8EA2256F9400}.Debug|Any CPU.Build.0 = Debug|Any CPU
		{CE14771F-3C6B-4D00-93B0-8EA2256F9400}.Release|Any CPU.ActiveCfg = Release|Any CPU
		{CE14771F-3C6B-4D00-93B0-8EA2256F9400}.Release|Any CPU.Build.0 = Release|Any CPU
		{EF53861B-A11B-4DCA-AEA8-C8B7A8603DA2}.Debug|Any CPU.ActiveCfg = Debug|Any CPU
		{EF53861B-A11B-4DCA-AEA8-C8B7A8603DA2}.Debug|Any CPU.Build.0 = Debug|Any CPU
		{EF53861B-A11B-4DCA-AEA8-C8B7A8603DA2}.Release|Any CPU.ActiveCfg = Release|Any CPU
		{EF53861B-A11B-4DCA-AEA8-C8B7A8603DA2}.Release|Any CPU.Build.0 = Release|Any CPU
	EndGlobalSection
	GlobalSection(SolutionProperties) = preSolution
		HideSolutionNode = FALSE
	EndGlobalSection
EndGlobal
